// !$*UTF8*$!
{
	archiveVersion = 1;
	classes = {
	};
	objectVersion = 56;
	objects = {

/* Begin PBXBuildFile section */
		1317C4182A7002B5002CCEAF /* RMOrigin.swift in Sources */ = {isa = PBXBuildFile; fileRef = 1317C4172A7002B5002CCEAF /* RMOrigin.swift */; };
		1317C41C2A7003EE002CCEAF /* RMSingleLocation.swift in Sources */ = {isa = PBXBuildFile; fileRef = 1317C41B2A7003EE002CCEAF /* RMSingleLocation.swift */; };
		1317C41E2A700566002CCEAF /* RMCharacterStatus.swift in Sources */ = {isa = PBXBuildFile; fileRef = 1317C41D2A700566002CCEAF /* RMCharacterStatus.swift */; };
		1317C4202A7005A3002CCEAF /* RMCharacterGender.swift in Sources */ = {isa = PBXBuildFile; fileRef = 1317C41F2A7005A3002CCEAF /* RMCharacterGender.swift */; };
		13A978132A73A6C900032E98 /* CharacterListView.swift in Sources */ = {isa = PBXBuildFile; fileRef = 13A978122A73A6C900032E98 /* CharacterListView.swift */; };
		13A978152A73AEB400032E98 /* Extensions.swift in Sources */ = {isa = PBXBuildFile; fileRef = 13A978142A73AEB400032E98 /* Extensions.swift */; };
		13D7A7ED2A7294CB00647312 /* CharacterListViewModel.swift in Sources */ = {isa = PBXBuildFile; fileRef = 13D7A7EC2A7294CB00647312 /* CharacterListViewModel.swift */; };
		13E04E222A6E5CA600946754 /* AppDelegate.swift in Sources */ = {isa = PBXBuildFile; fileRef = 13E04E212A6E5CA600946754 /* AppDelegate.swift */; };
		13E04E242A6E5CA600946754 /* SceneDelegate.swift in Sources */ = {isa = PBXBuildFile; fileRef = 13E04E232A6E5CA600946754 /* SceneDelegate.swift */; };
		13E04E262A6E5CA600946754 /* RMTabBarController.swift in Sources */ = {isa = PBXBuildFile; fileRef = 13E04E252A6E5CA600946754 /* RMTabBarController.swift */; };
		13E04E2B2A6E5CA700946754 /* Assets.xcassets in Resources */ = {isa = PBXBuildFile; fileRef = 13E04E2A2A6E5CA700946754 /* Assets.xcassets */; };
		13E04E2E2A6E5CA700946754 /* LaunchScreen.storyboard in Resources */ = {isa = PBXBuildFile; fileRef = 13E04E2C2A6E5CA700946754 /* LaunchScreen.storyboard */; };
		13E04E3F2A6E6B0C00946754 /* RMLocation.swift in Sources */ = {isa = PBXBuildFile; fileRef = 13E04E3E2A6E6B0C00946754 /* RMLocation.swift */; };
		13E04E412A6E6B1F00946754 /* RMCharacter.swift in Sources */ = {isa = PBXBuildFile; fileRef = 13E04E402A6E6B1F00946754 /* RMCharacter.swift */; };
		13E04E432A6E6B3100946754 /* RMEpisode.swift in Sources */ = {isa = PBXBuildFile; fileRef = 13E04E422A6E6B3100946754 /* RMEpisode.swift */; };
		13E04E462A6E71C200946754 /* RMCharacterViewController.swift in Sources */ = {isa = PBXBuildFile; fileRef = 13E04E452A6E71C200946754 /* RMCharacterViewController.swift */; };
		13E04E482A6E71DE00946754 /* RMLocationViewController.swift in Sources */ = {isa = PBXBuildFile; fileRef = 13E04E472A6E71DE00946754 /* RMLocationViewController.swift */; };
		13E04E4A2A6E71EF00946754 /* RMEpisodeViewController.swift in Sources */ = {isa = PBXBuildFile; fileRef = 13E04E492A6E71EF00946754 /* RMEpisodeViewController.swift */; };
		13E04E4C2A6E724400946754 /* RMSettingsViewController.swift in Sources */ = {isa = PBXBuildFile; fileRef = 13E04E4B2A6E724400946754 /* RMSettingsViewController.swift */; };
		13E04E4E2A6E9E3500946754 /* RMService.swift in Sources */ = {isa = PBXBuildFile; fileRef = 13E04E4D2A6E9E3500946754 /* RMService.swift */; };
		13E04E502A6E9E4700946754 /* RMRequest.swift in Sources */ = {isa = PBXBuildFile; fileRef = 13E04E4F2A6E9E4700946754 /* RMRequest.swift */; };
		13E04E522A6E9F7500946754 /* RMEndpoint.swift in Sources */ = {isa = PBXBuildFile; fileRef = 13E04E512A6E9F7500946754 /* RMEndpoint.swift */; };
		13FA521A2A714C620032BE6F /* RMGetAllCharactersResponse.swift in Sources */ = {isa = PBXBuildFile; fileRef = 13FA52192A714C620032BE6F /* RMGetAllCharactersResponse.swift */; };
/* End PBXBuildFile section */

/* Begin PBXFileReference section */
		1317C4172A7002B5002CCEAF /* RMOrigin.swift */ = {isa = PBXFileReference; lastKnownFileType = sourcecode.swift; path = RMOrigin.swift; sourceTree = "<group>"; };
		1317C41B2A7003EE002CCEAF /* RMSingleLocation.swift */ = {isa = PBXFileReference; lastKnownFileType = sourcecode.swift; path = RMSingleLocation.swift; sourceTree = "<group>"; };
		1317C41D2A700566002CCEAF /* RMCharacterStatus.swift */ = {isa = PBXFileReference; lastKnownFileType = sourcecode.swift; path = RMCharacterStatus.swift; sourceTree = "<group>"; };
		1317C41F2A7005A3002CCEAF /* RMCharacterGender.swift */ = {isa = PBXFileReference; lastKnownFileType = sourcecode.swift; path = RMCharacterGender.swift; sourceTree = "<group>"; };
		13A978122A73A6C900032E98 /* CharacterListView.swift */ = {isa = PBXFileReference; lastKnownFileType = sourcecode.swift; path = CharacterListView.swift; sourceTree = "<group>"; };
		13A978142A73AEB400032E98 /* Extensions.swift */ = {isa = PBXFileReference; lastKnownFileType = sourcecode.swift; path = Extensions.swift; sourceTree = "<group>"; };
		13D7A7EC2A7294CB00647312 /* CharacterListViewModel.swift */ = {isa = PBXFileReference; lastKnownFileType = sourcecode.swift; path = CharacterListViewModel.swift; sourceTree = "<group>"; };
		13E04E1E2A6E5CA600946754 /* RickAndMorty.app */ = {isa = PBXFileReference; explicitFileType = wrapper.application; includeInIndex = 0; path = RickAndMorty.app; sourceTree = BUILT_PRODUCTS_DIR; };
		13E04E212A6E5CA600946754 /* AppDelegate.swift */ = {isa = PBXFileReference; lastKnownFileType = sourcecode.swift; path = AppDelegate.swift; sourceTree = "<group>"; };
		13E04E232A6E5CA600946754 /* SceneDelegate.swift */ = {isa = PBXFileReference; lastKnownFileType = sourcecode.swift; path = SceneDelegate.swift; sourceTree = "<group>"; };
		13E04E252A6E5CA600946754 /* RMTabBarController.swift */ = {isa = PBXFileReference; lastKnownFileType = sourcecode.swift; path = RMTabBarController.swift; sourceTree = "<group>"; };
		13E04E2A2A6E5CA700946754 /* Assets.xcassets */ = {isa = PBXFileReference; lastKnownFileType = folder.assetcatalog; path = Assets.xcassets; sourceTree = "<group>"; };
		13E04E2D2A6E5CA700946754 /* Base */ = {isa = PBXFileReference; lastKnownFileType = file.storyboard; name = Base; path = Base.lproj/LaunchScreen.storyboard; sourceTree = "<group>"; };
		13E04E2F2A6E5CA700946754 /* Info.plist */ = {isa = PBXFileReference; lastKnownFileType = text.plist.xml; path = Info.plist; sourceTree = "<group>"; };
		13E04E3E2A6E6B0C00946754 /* RMLocation.swift */ = {isa = PBXFileReference; lastKnownFileType = sourcecode.swift; path = RMLocation.swift; sourceTree = "<group>"; };
		13E04E402A6E6B1F00946754 /* RMCharacter.swift */ = {isa = PBXFileReference; lastKnownFileType = sourcecode.swift; path = RMCharacter.swift; sourceTree = "<group>"; };
		13E04E422A6E6B3100946754 /* RMEpisode.swift */ = {isa = PBXFileReference; lastKnownFileType = sourcecode.swift; path = RMEpisode.swift; sourceTree = "<group>"; };
		13E04E452A6E71C200946754 /* RMCharacterViewController.swift */ = {isa = PBXFileReference; lastKnownFileType = sourcecode.swift; path = RMCharacterViewController.swift; sourceTree = "<group>"; };
		13E04E472A6E71DE00946754 /* RMLocationViewController.swift */ = {isa = PBXFileReference; lastKnownFileType = sourcecode.swift; path = RMLocationViewController.swift; sourceTree = "<group>"; };
		13E04E492A6E71EF00946754 /* RMEpisodeViewController.swift */ = {isa = PBXFileReference; lastKnownFileType = sourcecode.swift; path = RMEpisodeViewController.swift; sourceTree = "<group>"; };
		13E04E4B2A6E724400946754 /* RMSettingsViewController.swift */ = {isa = PBXFileReference; lastKnownFileType = sourcecode.swift; path = RMSettingsViewController.swift; sourceTree = "<group>"; };
		13E04E4D2A6E9E3500946754 /* RMService.swift */ = {isa = PBXFileReference; lastKnownFileType = sourcecode.swift; path = RMService.swift; sourceTree = "<group>"; };
		13E04E4F2A6E9E4700946754 /* RMRequest.swift */ = {isa = PBXFileReference; lastKnownFileType = sourcecode.swift; path = RMRequest.swift; sourceTree = "<group>"; };
		13E04E512A6E9F7500946754 /* RMEndpoint.swift */ = {isa = PBXFileReference; lastKnownFileType = sourcecode.swift; path = RMEndpoint.swift; sourceTree = "<group>"; };
		13FA52192A714C620032BE6F /* RMGetAllCharactersResponse.swift */ = {isa = PBXFileReference; lastKnownFileType = sourcecode.swift; path = RMGetAllCharactersResponse.swift; sourceTree = "<group>"; };
/* End PBXFileReference section */

/* Begin PBXFrameworksBuildPhase section */
		13E04E1B2A6E5CA600946754 /* Frameworks */ = {
			isa = PBXFrameworksBuildPhase;
			buildActionMask = 2147483647;
			files = (
			);
			runOnlyForDeploymentPostprocessing = 0;
		};
/* End PBXFrameworksBuildPhase section */

/* Begin PBXGroup section */
		13E04E152A6E5CA600946754 = {
			isa = PBXGroup;
			children = (
				13E04E202A6E5CA600946754 /* RickAndMorty */,
				13E04E1F2A6E5CA600946754 /* Products */,
			);
			sourceTree = "<group>";
		};
		13E04E1F2A6E5CA600946754 /* Products */ = {
			isa = PBXGroup;
			children = (
				13E04E1E2A6E5CA600946754 /* RickAndMorty.app */,
			);
			name = Products;
			sourceTree = "<group>";
		};
		13E04E202A6E5CA600946754 /* RickAndMorty */ = {
			isa = PBXGroup;
			children = (
				13E04E3B2A6E5FE000946754 /* Resources */,
				13E04E392A6E5F7E00946754 /* Managers */,
				13E04E3A2A6E5F9700946754 /* APIClient */,
				13E04E382A6E5F6600946754 /* ViewModels */,
				13E04E372A6E5F5800946754 /* Views */,
				13E04E362A6E5F4B00946754 /* Models */,
				13E04E352A6E5F2D00946754 /* Controllers */,
				13E04E2F2A6E5CA700946754 /* Info.plist */,
			);
			path = RickAndMorty;
			sourceTree = "<group>";
		};
		13E04E352A6E5F2D00946754 /* Controllers */ = {
			isa = PBXGroup;
			children = (
				13E04E442A6E6E6F00946754 /* Core */,
			);
			path = Controllers;
			sourceTree = "<group>";
		};
		13E04E362A6E5F4B00946754 /* Models */ = {
			isa = PBXGroup;
			children = (
				13FA52172A714C260032BE6F /* APIResponseTypes */,
				13FA52162A714C0B0032BE6F /* DataTypes */,
			);
			path = Models;
			sourceTree = "<group>";
		};
		13E04E372A6E5F5800946754 /* Views */ = {
			isa = PBXGroup;
			children = (
				13A978122A73A6C900032E98 /* CharacterListView.swift */,
			);
			path = Views;
			sourceTree = "<group>";
		};
		13E04E382A6E5F6600946754 /* ViewModels */ = {
			isa = PBXGroup;
			children = (
				13D7A7EC2A7294CB00647312 /* CharacterListViewModel.swift */,
			);
			path = ViewModels;
			sourceTree = "<group>";
		};
		13E04E392A6E5F7E00946754 /* Managers */ = {
			isa = PBXGroup;
			children = (
			);
			path = Managers;
			sourceTree = "<group>";
		};
		13E04E3A2A6E5F9700946754 /* APIClient */ = {
			isa = PBXGroup;
			children = (
				13E04E4D2A6E9E3500946754 /* RMService.swift */,
				13E04E4F2A6E9E4700946754 /* RMRequest.swift */,
				13E04E512A6E9F7500946754 /* RMEndpoint.swift */,
			);
			path = APIClient;
			sourceTree = "<group>";
		};
		13E04E3B2A6E5FE000946754 /* Resources */ = {
			isa = PBXGroup;
			children = (
				13E04E2A2A6E5CA700946754 /* Assets.xcassets */,
				13E04E2C2A6E5CA700946754 /* LaunchScreen.storyboard */,
				13E04E212A6E5CA600946754 /* AppDelegate.swift */,
				13E04E232A6E5CA600946754 /* SceneDelegate.swift */,
				13A978142A73AEB400032E98 /* Extensions.swift */,
			);
			path = Resources;
			sourceTree = "<group>";
		};
		13E04E442A6E6E6F00946754 /* Core */ = {
			isa = PBXGroup;
			children = (
				13E04E252A6E5CA600946754 /* RMTabBarController.swift */,
				13E04E452A6E71C200946754 /* RMCharacterViewController.swift */,
				13E04E472A6E71DE00946754 /* RMLocationViewController.swift */,
				13E04E492A6E71EF00946754 /* RMEpisodeViewController.swift */,
				13E04E4B2A6E724400946754 /* RMSettingsViewController.swift */,
			);
			path = Core;
			sourceTree = "<group>";
		};
		13FA52162A714C0B0032BE6F /* DataTypes */ = {
			isa = PBXGroup;
			children = (
				13E04E3E2A6E6B0C00946754 /* RMLocation.swift */,
				13E04E402A6E6B1F00946754 /* RMCharacter.swift */,
				13E04E422A6E6B3100946754 /* RMEpisode.swift */,
				1317C4172A7002B5002CCEAF /* RMOrigin.swift */,
				1317C41B2A7003EE002CCEAF /* RMSingleLocation.swift */,
				1317C41D2A700566002CCEAF /* RMCharacterStatus.swift */,
				1317C41F2A7005A3002CCEAF /* RMCharacterGender.swift */,
			);
			path = DataTypes;
			sourceTree = "<group>";
		};
		13FA52172A714C260032BE6F /* APIResponseTypes */ = {
			isa = PBXGroup;
			children = (
				13FA52192A714C620032BE6F /* RMGetAllCharactersResponse.swift */,
			);
			path = APIResponseTypes;
			sourceTree = "<group>";
		};
/* End PBXGroup section */

/* Begin PBXNativeTarget section */
		13E04E1D2A6E5CA600946754 /* RickAndMorty */ = {
			isa = PBXNativeTarget;
			buildConfigurationList = 13E04E322A6E5CA700946754 /* Build configuration list for PBXNativeTarget "RickAndMorty" */;
			buildPhases = (
				13E04E1A2A6E5CA600946754 /* Sources */,
				13E04E1B2A6E5CA600946754 /* Frameworks */,
				13E04E1C2A6E5CA600946754 /* Resources */,
			);
			buildRules = (
			);
			dependencies = (
			);
			name = RickAndMorty;
			productName = RickAndMorty;
			productReference = 13E04E1E2A6E5CA600946754 /* RickAndMorty.app */;
			productType = "com.apple.product-type.application";
		};
/* End PBXNativeTarget section */

/* Begin PBXProject section */
		13E04E162A6E5CA600946754 /* Project object */ = {
			isa = PBXProject;
			attributes = {
				BuildIndependentTargetsInParallel = 1;
				LastSwiftUpdateCheck = 1400;
				LastUpgradeCheck = 1400;
				TargetAttributes = {
					13E04E1D2A6E5CA600946754 = {
						CreatedOnToolsVersion = 14.0.1;
					};
				};
			};
			buildConfigurationList = 13E04E192A6E5CA600946754 /* Build configuration list for PBXProject "RickAndMorty" */;
			compatibilityVersion = "Xcode 14.0";
			developmentRegion = en;
			hasScannedForEncodings = 0;
			knownRegions = (
				en,
				Base,
			);
			mainGroup = 13E04E152A6E5CA600946754;
			productRefGroup = 13E04E1F2A6E5CA600946754 /* Products */;
			projectDirPath = "";
			projectRoot = "";
			targets = (
				13E04E1D2A6E5CA600946754 /* RickAndMorty */,
			);
		};
/* End PBXProject section */

/* Begin PBXResourcesBuildPhase section */
		13E04E1C2A6E5CA600946754 /* Resources */ = {
			isa = PBXResourcesBuildPhase;
			buildActionMask = 2147483647;
			files = (
				13E04E2E2A6E5CA700946754 /* LaunchScreen.storyboard in Resources */,
				13E04E2B2A6E5CA700946754 /* Assets.xcassets in Resources */,
			);
			runOnlyForDeploymentPostprocessing = 0;
		};
/* End PBXResourcesBuildPhase section */

/* Begin PBXSourcesBuildPhase section */
		13E04E1A2A6E5CA600946754 /* Sources */ = {
			isa = PBXSourcesBuildPhase;
			buildActionMask = 2147483647;
			files = (
				1317C4182A7002B5002CCEAF /* RMOrigin.swift in Sources */,
				1317C41C2A7003EE002CCEAF /* RMSingleLocation.swift in Sources */,
				13A978132A73A6C900032E98 /* CharacterListView.swift in Sources */,
				13FA521A2A714C620032BE6F /* RMGetAllCharactersResponse.swift in Sources */,
				1317C41E2A700566002CCEAF /* RMCharacterStatus.swift in Sources */,
				1317C4202A7005A3002CCEAF /* RMCharacterGender.swift in Sources */,
				13E04E482A6E71DE00946754 /* RMLocationViewController.swift in Sources */,
				13E04E432A6E6B3100946754 /* RMEpisode.swift in Sources */,
				13E04E262A6E5CA600946754 /* RMTabBarController.swift in Sources */,
				13E04E4A2A6E71EF00946754 /* RMEpisodeViewController.swift in Sources */,
				13E04E222A6E5CA600946754 /* AppDelegate.swift in Sources */,
				13E04E242A6E5CA600946754 /* SceneDelegate.swift in Sources */,
				13E04E4C2A6E724400946754 /* RMSettingsViewController.swift in Sources */,
				13A978152A73AEB400032E98 /* Extensions.swift in Sources */,
				13E04E4E2A6E9E3500946754 /* RMService.swift in Sources */,
				13E04E3F2A6E6B0C00946754 /* RMLocation.swift in Sources */,
				13E04E522A6E9F7500946754 /* RMEndpoint.swift in Sources */,
				13E04E412A6E6B1F00946754 /* RMCharacter.swift in Sources */,
				13E04E502A6E9E4700946754 /* RMRequest.swift in Sources */,
				13E04E462A6E71C200946754 /* RMCharacterViewController.swift in Sources */,
				13D7A7ED2A7294CB00647312 /* CharacterListViewModel.swift in Sources */,
			);
			runOnlyForDeploymentPostprocessing = 0;
		};
/* End PBXSourcesBuildPhase section */

/* Begin PBXVariantGroup section */
		13E04E2C2A6E5CA700946754 /* LaunchScreen.storyboard */ = {
			isa = PBXVariantGroup;
			children = (
				13E04E2D2A6E5CA700946754 /* Base */,
			);
			name = LaunchScreen.storyboard;
			sourceTree = "<group>";
		};
/* End PBXVariantGroup section */

/* Begin XCBuildConfiguration section */
		13E04E302A6E5CA700946754 /* Debug */ = {
			isa = XCBuildConfiguration;
			buildSettings = {
				ALWAYS_SEARCH_USER_PATHS = NO;
				CLANG_ANALYZER_NONNULL = YES;
				CLANG_ANALYZER_NUMBER_OBJECT_CONVERSION = YES_AGGRESSIVE;
				CLANG_CXX_LANGUAGE_STANDARD = "gnu++20";
				CLANG_ENABLE_MODULES = YES;
				CLANG_ENABLE_OBJC_ARC = YES;
				CLANG_ENABLE_OBJC_WEAK = YES;
				CLANG_WARN_BLOCK_CAPTURE_AUTORELEASING = YES;
				CLANG_WARN_BOOL_CONVERSION = YES;
				CLANG_WARN_COMMA = YES;
				CLANG_WARN_CONSTANT_CONVERSION = YES;
				CLANG_WARN_DEPRECATED_OBJC_IMPLEMENTATIONS = YES;
				CLANG_WARN_DIRECT_OBJC_ISA_USAGE = YES_ERROR;
				CLANG_WARN_DOCUMENTATION_COMMENTS = YES;
				CLANG_WARN_EMPTY_BODY = YES;
				CLANG_WARN_ENUM_CONVERSION = YES;
				CLANG_WARN_INFINITE_RECURSION = YES;
				CLANG_WARN_INT_CONVERSION = YES;
				CLANG_WARN_NON_LITERAL_NULL_CONVERSION = YES;
				CLANG_WARN_OBJC_IMPLICIT_RETAIN_SELF = YES;
				CLANG_WARN_OBJC_LITERAL_CONVERSION = YES;
				CLANG_WARN_OBJC_ROOT_CLASS = YES_ERROR;
				CLANG_WARN_QUOTED_INCLUDE_IN_FRAMEWORK_HEADER = YES;
				CLANG_WARN_RANGE_LOOP_ANALYSIS = YES;
				CLANG_WARN_STRICT_PROTOTYPES = YES;
				CLANG_WARN_SUSPICIOUS_MOVE = YES;
				CLANG_WARN_UNGUARDED_AVAILABILITY = YES_AGGRESSIVE;
				CLANG_WARN_UNREACHABLE_CODE = YES;
				CLANG_WARN__DUPLICATE_METHOD_MATCH = YES;
				COPY_PHASE_STRIP = NO;
				DEBUG_INFORMATION_FORMAT = dwarf;
				ENABLE_STRICT_OBJC_MSGSEND = YES;
				ENABLE_TESTABILITY = YES;
				GCC_C_LANGUAGE_STANDARD = gnu11;
				GCC_DYNAMIC_NO_PIC = NO;
				GCC_NO_COMMON_BLOCKS = YES;
				GCC_OPTIMIZATION_LEVEL = 0;
				GCC_PREPROCESSOR_DEFINITIONS = (
					"DEBUG=1",
					"$(inherited)",
				);
				GCC_WARN_64_TO_32_BIT_CONVERSION = YES;
				GCC_WARN_ABOUT_RETURN_TYPE = YES_ERROR;
				GCC_WARN_UNDECLARED_SELECTOR = YES;
				GCC_WARN_UNINITIALIZED_AUTOS = YES_AGGRESSIVE;
				GCC_WARN_UNUSED_FUNCTION = YES;
				GCC_WARN_UNUSED_VARIABLE = YES;
				IPHONEOS_DEPLOYMENT_TARGET = 13.0;
				MTL_ENABLE_DEBUG_INFO = INCLUDE_SOURCE;
				MTL_FAST_MATH = YES;
				ONLY_ACTIVE_ARCH = YES;
				SDKROOT = iphoneos;
				SWIFT_ACTIVE_COMPILATION_CONDITIONS = DEBUG;
				SWIFT_OPTIMIZATION_LEVEL = "-Onone";
			};
			name = Debug;
		};
		13E04E312A6E5CA700946754 /* Release */ = {
			isa = XCBuildConfiguration;
			buildSettings = {
				ALWAYS_SEARCH_USER_PATHS = NO;
				CLANG_ANALYZER_NONNULL = YES;
				CLANG_ANALYZER_NUMBER_OBJECT_CONVERSION = YES_AGGRESSIVE;
				CLANG_CXX_LANGUAGE_STANDARD = "gnu++20";
				CLANG_ENABLE_MODULES = YES;
				CLANG_ENABLE_OBJC_ARC = YES;
				CLANG_ENABLE_OBJC_WEAK = YES;
				CLANG_WARN_BLOCK_CAPTURE_AUTORELEASING = YES;
				CLANG_WARN_BOOL_CONVERSION = YES;
				CLANG_WARN_COMMA = YES;
				CLANG_WARN_CONSTANT_CONVERSION = YES;
				CLANG_WARN_DEPRECATED_OBJC_IMPLEMENTATIONS = YES;
				CLANG_WARN_DIRECT_OBJC_ISA_USAGE = YES_ERROR;
				CLANG_WARN_DOCUMENTATION_COMMENTS = YES;
				CLANG_WARN_EMPTY_BODY = YES;
				CLANG_WARN_ENUM_CONVERSION = YES;
				CLANG_WARN_INFINITE_RECURSION = YES;
				CLANG_WARN_INT_CONVERSION = YES;
				CLANG_WARN_NON_LITERAL_NULL_CONVERSION = YES;
				CLANG_WARN_OBJC_IMPLICIT_RETAIN_SELF = YES;
				CLANG_WARN_OBJC_LITERAL_CONVERSION = YES;
				CLANG_WARN_OBJC_ROOT_CLASS = YES_ERROR;
				CLANG_WARN_QUOTED_INCLUDE_IN_FRAMEWORK_HEADER = YES;
				CLANG_WARN_RANGE_LOOP_ANALYSIS = YES;
				CLANG_WARN_STRICT_PROTOTYPES = YES;
				CLANG_WARN_SUSPICIOUS_MOVE = YES;
				CLANG_WARN_UNGUARDED_AVAILABILITY = YES_AGGRESSIVE;
				CLANG_WARN_UNREACHABLE_CODE = YES;
				CLANG_WARN__DUPLICATE_METHOD_MATCH = YES;
				COPY_PHASE_STRIP = NO;
				DEBUG_INFORMATION_FORMAT = "dwarf-with-dsym";
				ENABLE_NS_ASSERTIONS = NO;
				ENABLE_STRICT_OBJC_MSGSEND = YES;
				GCC_C_LANGUAGE_STANDARD = gnu11;
				GCC_NO_COMMON_BLOCKS = YES;
				GCC_WARN_64_TO_32_BIT_CONVERSION = YES;
				GCC_WARN_ABOUT_RETURN_TYPE = YES_ERROR;
				GCC_WARN_UNDECLARED_SELECTOR = YES;
				GCC_WARN_UNINITIALIZED_AUTOS = YES_AGGRESSIVE;
				GCC_WARN_UNUSED_FUNCTION = YES;
				GCC_WARN_UNUSED_VARIABLE = YES;
				IPHONEOS_DEPLOYMENT_TARGET = 13.0;
				MTL_ENABLE_DEBUG_INFO = NO;
				MTL_FAST_MATH = YES;
				SDKROOT = iphoneos;
				SWIFT_COMPILATION_MODE = wholemodule;
				SWIFT_OPTIMIZATION_LEVEL = "-O";
				VALIDATE_PRODUCT = YES;
			};
			name = Release;
		};
		13E04E332A6E5CA700946754 /* Debug */ = {
			isa = XCBuildConfiguration;
			buildSettings = {
				ASSETCATALOG_COMPILER_APPICON_NAME = AppIcon;
				ASSETCATALOG_COMPILER_GLOBAL_ACCENT_COLOR_NAME = AccentColor;
				CODE_SIGN_STYLE = Automatic;
				CURRENT_PROJECT_VERSION = 1;
				DEVELOPMENT_TEAM = B59JHR63KH;
				GENERATE_INFOPLIST_FILE = YES;
				INFOPLIST_FILE = RickAndMorty/Info.plist;
				INFOPLIST_KEY_UIApplicationSupportsIndirectInputEvents = YES;
				INFOPLIST_KEY_UILaunchStoryboardName = LaunchScreen;
				INFOPLIST_KEY_UISupportedInterfaceOrientations_iPad = "UIInterfaceOrientationPortrait UIInterfaceOrientationPortraitUpsideDown UIInterfaceOrientationLandscapeLeft UIInterfaceOrientationLandscapeRight";
				INFOPLIST_KEY_UISupportedInterfaceOrientations_iPhone = "UIInterfaceOrientationPortrait UIInterfaceOrientationLandscapeLeft UIInterfaceOrientationLandscapeRight";
				IPHONEOS_DEPLOYMENT_TARGET = 13.0;
				LD_RUNPATH_SEARCH_PATHS = (
					"$(inherited)",
					"@executable_path/Frameworks",
				);
				MARKETING_VERSION = 1.0;
				PRODUCT_BUNDLE_IDENTIFIER = ns.RickAndMorty;
				PRODUCT_NAME = "$(TARGET_NAME)";
				SWIFT_EMIT_LOC_STRINGS = YES;
				SWIFT_VERSION = 5.0;
				TARGETED_DEVICE_FAMILY = "1,2";
			};
			name = Debug;
		};
		13E04E342A6E5CA700946754 /* Release */ = {
			isa = XCBuildConfiguration;
			buildSettings = {
				ASSETCATALOG_COMPILER_APPICON_NAME = AppIcon;
				ASSETCATALOG_COMPILER_GLOBAL_ACCENT_COLOR_NAME = AccentColor;
				CODE_SIGN_STYLE = Automatic;
				CURRENT_PROJECT_VERSION = 1;
				DEVELOPMENT_TEAM = B59JHR63KH;
				GENERATE_INFOPLIST_FILE = YES;
				INFOPLIST_FILE = RickAndMorty/Info.plist;
				INFOPLIST_KEY_UIApplicationSupportsIndirectInputEvents = YES;
				INFOPLIST_KEY_UILaunchStoryboardName = LaunchScreen;
				INFOPLIST_KEY_UISupportedInterfaceOrientations_iPad = "UIInterfaceOrientationPortrait UIInterfaceOrientationPortraitUpsideDown UIInterfaceOrientationLandscapeLeft UIInterfaceOrientationLandscapeRight";
				INFOPLIST_KEY_UISupportedInterfaceOrientations_iPhone = "UIInterfaceOrientationPortrait UIInterfaceOrientationLandscapeLeft UIInterfaceOrientationLandscapeRight";
				IPHONEOS_DEPLOYMENT_TARGET = 13.0;
				LD_RUNPATH_SEARCH_PATHS = (
					"$(inherited)",
					"@executable_path/Frameworks",
				);
				MARKETING_VERSION = 1.0;
				PRODUCT_BUNDLE_IDENTIFIER = ns.RickAndMorty;
				PRODUCT_NAME = "$(TARGET_NAME)";
				SWIFT_EMIT_LOC_STRINGS = YES;
				SWIFT_VERSION = 5.0;
				TARGETED_DEVICE_FAMILY = "1,2";
			};
			name = Release;
		};
/* End XCBuildConfiguration section */

/* Begin XCConfigurationList section */
		13E04E192A6E5CA600946754 /* Build configuration list for PBXProject "RickAndMorty" */ = {
			isa = XCConfigurationList;
			buildConfigurations = (
				13E04E302A6E5CA700946754 /* Debug */,
				13E04E312A6E5CA700946754 /* Release */,
			);
			defaultConfigurationIsVisible = 0;
			defaultConfigurationName = Release;
		};
		13E04E322A6E5CA700946754 /* Build configuration list for PBXNativeTarget "RickAndMorty" */ = {
			isa = XCConfigurationList;
			buildConfigurations = (
				13E04E332A6E5CA700946754 /* Debug */,
				13E04E342A6E5CA700946754 /* Release */,
			);
			defaultConfigurationIsVisible = 0;
			defaultConfigurationName = Release;
		};
/* End XCConfigurationList section */
	};
	rootObject = 13E04E162A6E5CA600946754 /* Project object */;
}
