// !$*UTF8*$!
{
	archiveVersion = 1;
	classes = {
	};
	objectVersion = 56;
	objects = {

/* Begin PBXBuildFile section */
		137014472C0736F0000509F2 /* AppDelegate.swift in Sources */ = {isa = PBXBuildFile; fileRef = 137014462C0736F0000509F2 /* AppDelegate.swift */; };
		137014492C0736F0000509F2 /* SceneDelegate.swift in Sources */ = {isa = PBXBuildFile; fileRef = 137014482C0736F0000509F2 /* SceneDelegate.swift */; };
		1370144B2C0736F0000509F2 /* RMTabBarController.swift in Sources */ = {isa = PBXBuildFile; fileRef = 1370144A2C0736F0000509F2 /* RMTabBarController.swift */; };
		137014502C0736F1000509F2 /* Assets.xcassets in Resources */ = {isa = PBXBuildFile; fileRef = 1370144F2C0736F1000509F2 /* Assets.xcassets */; };
		137014532C0736F1000509F2 /* LaunchScreen.storyboard in Resources */ = {isa = PBXBuildFile; fileRef = 137014512C0736F1000509F2 /* LaunchScreen.storyboard */; };
		137014622C0C4930000509F2 /* RMLocation.swift in Sources */ = {isa = PBXBuildFile; fileRef = 137014612C0C4930000509F2 /* RMLocation.swift */; };
		137014652C0C494C000509F2 /* RMCharacter.swift in Sources */ = {isa = PBXBuildFile; fileRef = 137014642C0C494C000509F2 /* RMCharacter.swift */; };
		137014672C0C4956000509F2 /* RMEpisode.swift in Sources */ = {isa = PBXBuildFile; fileRef = 137014662C0C4956000509F2 /* RMEpisode.swift */; };
		1370146A2C0C49F3000509F2 /* RMCharacterViewController.swift in Sources */ = {isa = PBXBuildFile; fileRef = 137014692C0C49F3000509F2 /* RMCharacterViewController.swift */; };
		1370146C2C0C4A05000509F2 /* RMLocationViewController.swift in Sources */ = {isa = PBXBuildFile; fileRef = 1370146B2C0C4A05000509F2 /* RMLocationViewController.swift */; };
		1370146E2C0C4A0F000509F2 /* RMEpisodeViewController.swift in Sources */ = {isa = PBXBuildFile; fileRef = 1370146D2C0C4A0F000509F2 /* RMEpisodeViewController.swift */; };
		137014702C0C4A20000509F2 /* RMSettingsViewController.swift in Sources */ = {isa = PBXBuildFile; fileRef = 1370146F2C0C4A20000509F2 /* RMSettingsViewController.swift */; };
		137014722C0C6D4F000509F2 /* RMService.swift in Sources */ = {isa = PBXBuildFile; fileRef = 137014712C0C6D4F000509F2 /* RMService.swift */; };
		137014742C0C6D60000509F2 /* RMRequest.swift in Sources */ = {isa = PBXBuildFile; fileRef = 137014732C0C6D60000509F2 /* RMRequest.swift */; };
		137014762C0C6DF9000509F2 /* RMEndpoint.swift in Sources */ = {isa = PBXBuildFile; fileRef = 137014752C0C6DF9000509F2 /* RMEndpoint.swift */; };
		137014782C0C8A23000509F2 /* RMOrigin.swift in Sources */ = {isa = PBXBuildFile; fileRef = 137014772C0C8A23000509F2 /* RMOrigin.swift */; };
		1370147A2C0C8AE3000509F2 /* RMSingleLocation.swift in Sources */ = {isa = PBXBuildFile; fileRef = 137014792C0C8AE3000509F2 /* RMSingleLocation.swift */; };
		1370147C2C0C8C3E000509F2 /* RMCharacterStatus.swift in Sources */ = {isa = PBXBuildFile; fileRef = 1370147B2C0C8C3E000509F2 /* RMCharacterStatus.swift */; };
		1370147E2C0C8C6E000509F2 /* RMCharacterGender.swift in Sources */ = {isa = PBXBuildFile; fileRef = 1370147D2C0C8C6E000509F2 /* RMCharacterGender.swift */; };
/* End PBXBuildFile section */

/* Begin PBXFileReference section */
		137014432C0736F0000509F2 /* RickAndMorty.app */ = {isa = PBXFileReference; explicitFileType = wrapper.application; includeInIndex = 0; path = RickAndMorty.app; sourceTree = BUILT_PRODUCTS_DIR; };
		137014462C0736F0000509F2 /* AppDelegate.swift */ = {isa = PBXFileReference; lastKnownFileType = sourcecode.swift; path = AppDelegate.swift; sourceTree = "<group>"; };
		137014482C0736F0000509F2 /* SceneDelegate.swift */ = {isa = PBXFileReference; lastKnownFileType = sourcecode.swift; path = SceneDelegate.swift; sourceTree = "<group>"; };
		1370144A2C0736F0000509F2 /* RMTabBarController.swift */ = {isa = PBXFileReference; lastKnownFileType = sourcecode.swift; path = RMTabBarController.swift; sourceTree = "<group>"; };
		1370144F2C0736F1000509F2 /* Assets.xcassets */ = {isa = PBXFileReference; lastKnownFileType = folder.assetcatalog; path = Assets.xcassets; sourceTree = "<group>"; };
		137014522C0736F1000509F2 /* Base */ = {isa = PBXFileReference; lastKnownFileType = file.storyboard; name = Base; path = Base.lproj/LaunchScreen.storyboard; sourceTree = "<group>"; };
		137014542C0736F1000509F2 /* Info.plist */ = {isa = PBXFileReference; lastKnownFileType = text.plist.xml; path = Info.plist; sourceTree = "<group>"; };
		137014612C0C4930000509F2 /* RMLocation.swift */ = {isa = PBXFileReference; lastKnownFileType = sourcecode.swift; path = RMLocation.swift; sourceTree = "<group>"; };
		137014642C0C494C000509F2 /* RMCharacter.swift */ = {isa = PBXFileReference; lastKnownFileType = sourcecode.swift; path = RMCharacter.swift; sourceTree = "<group>"; };
		137014662C0C4956000509F2 /* RMEpisode.swift */ = {isa = PBXFileReference; lastKnownFileType = sourcecode.swift; path = RMEpisode.swift; sourceTree = "<group>"; };
		137014692C0C49F3000509F2 /* RMCharacterViewController.swift */ = {isa = PBXFileReference; lastKnownFileType = sourcecode.swift; path = RMCharacterViewController.swift; sourceTree = "<group>"; };
		1370146B2C0C4A05000509F2 /* RMLocationViewController.swift */ = {isa = PBXFileReference; lastKnownFileType = sourcecode.swift; path = RMLocationViewController.swift; sourceTree = "<group>"; };
		1370146D2C0C4A0F000509F2 /* RMEpisodeViewController.swift */ = {isa = PBXFileReference; lastKnownFileType = sourcecode.swift; path = RMEpisodeViewController.swift; sourceTree = "<group>"; };
		1370146F2C0C4A20000509F2 /* RMSettingsViewController.swift */ = {isa = PBXFileReference; lastKnownFileType = sourcecode.swift; path = RMSettingsViewController.swift; sourceTree = "<group>"; };
		137014712C0C6D4F000509F2 /* RMService.swift */ = {isa = PBXFileReference; lastKnownFileType = sourcecode.swift; path = RMService.swift; sourceTree = "<group>"; };
		137014732C0C6D60000509F2 /* RMRequest.swift */ = {isa = PBXFileReference; lastKnownFileType = sourcecode.swift; path = RMRequest.swift; sourceTree = "<group>"; };
		137014752C0C6DF9000509F2 /* RMEndpoint.swift */ = {isa = PBXFileReference; lastKnownFileType = sourcecode.swift; path = RMEndpoint.swift; sourceTree = "<group>"; };
		137014772C0C8A23000509F2 /* RMOrigin.swift */ = {isa = PBXFileReference; lastKnownFileType = sourcecode.swift; path = RMOrigin.swift; sourceTree = "<group>"; };
		137014792C0C8AE3000509F2 /* RMSingleLocation.swift */ = {isa = PBXFileReference; lastKnownFileType = sourcecode.swift; path = RMSingleLocation.swift; sourceTree = "<group>"; };
		1370147B2C0C8C3E000509F2 /* RMCharacterStatus.swift */ = {isa = PBXFileReference; lastKnownFileType = sourcecode.swift; path = RMCharacterStatus.swift; sourceTree = "<group>"; };
		1370147D2C0C8C6E000509F2 /* RMCharacterGender.swift */ = {isa = PBXFileReference; lastKnownFileType = sourcecode.swift; path = RMCharacterGender.swift; sourceTree = "<group>"; };
/* End PBXFileReference section */

/* Begin PBXFrameworksBuildPhase section */
		137014402C0736F0000509F2 /* Frameworks */ = {
			isa = PBXFrameworksBuildPhase;
			buildActionMask = 2147483647;
			files = (
			);
			runOnlyForDeploymentPostprocessing = 0;
		};
/* End PBXFrameworksBuildPhase section */

/* Begin PBXGroup section */
		1370143A2C0736F0000509F2 = {
			isa = PBXGroup;
			children = (
				137014452C0736F0000509F2 /* RickAndMorty */,
				137014442C0736F0000509F2 /* Products */,
			);
			sourceTree = "<group>";
		};
		137014442C0736F0000509F2 /* Products */ = {
			isa = PBXGroup;
			children = (
				137014432C0736F0000509F2 /* RickAndMorty.app */,
			);
			name = Products;
			sourceTree = "<group>";
		};
		137014452C0736F0000509F2 /* RickAndMorty */ = {
			isa = PBXGroup;
			children = (
				137014602C0C4824000509F2 /* Resources */,
				1370145F2C0C481F000509F2 /* Managers */,
				1370145E2C0C480F000509F2 /* APIClient */,
				1370145D2C0C47DF000509F2 /* ViewModels */,
				1370145C2C0C47D2000509F2 /* Views */,
				1370145B2C0C47CB000509F2 /* Models */,
				1370145A2C0C47B6000509F2 /* Controllers */,
				137014542C0736F1000509F2 /* Info.plist */,
			);
			path = RickAndMorty;
			sourceTree = "<group>";
		};
		1370145A2C0C47B6000509F2 /* Controllers */ = {
			isa = PBXGroup;
			children = (
				137014682C0C49D1000509F2 /* Core */,
			);
			path = Controllers;
			sourceTree = "<group>";
		};
		1370145B2C0C47CB000509F2 /* Models */ = {
			isa = PBXGroup;
			children = (
				137014612C0C4930000509F2 /* RMLocation.swift */,
				137014642C0C494C000509F2 /* RMCharacter.swift */,
				137014662C0C4956000509F2 /* RMEpisode.swift */,
				137014772C0C8A23000509F2 /* RMOrigin.swift */,
				137014792C0C8AE3000509F2 /* RMSingleLocation.swift */,
				1370147B2C0C8C3E000509F2 /* RMCharacterStatus.swift */,
				1370147D2C0C8C6E000509F2 /* RMCharacterGender.swift */,
			);
			path = Models;
			sourceTree = "<group>";
		};
		1370145C2C0C47D2000509F2 /* Views */ = {
			isa = PBXGroup;
			children = (
			);
			path = Views;
			sourceTree = "<group>";
		};
		1370145D2C0C47DF000509F2 /* ViewModels */ = {
			isa = PBXGroup;
			children = (
			);
			path = ViewModels;
			sourceTree = "<group>";
		};
		1370145E2C0C480F000509F2 /* APIClient */ = {
			isa = PBXGroup;
			children = (
				137014712C0C6D4F000509F2 /* RMService.swift */,
				137014732C0C6D60000509F2 /* RMRequest.swift */,
				137014752C0C6DF9000509F2 /* RMEndpoint.swift */,
			);
			path = APIClient;
			sourceTree = "<group>";
		};
		1370145F2C0C481F000509F2 /* Managers */ = {
			isa = PBXGroup;
			children = (
			);
			path = Managers;
			sourceTree = "<group>";
		};
		137014602C0C4824000509F2 /* Resources */ = {
			isa = PBXGroup;
			children = (
				1370144F2C0736F1000509F2 /* Assets.xcassets */,
				137014512C0736F1000509F2 /* LaunchScreen.storyboard */,
				137014462C0736F0000509F2 /* AppDelegate.swift */,
				137014482C0736F0000509F2 /* SceneDelegate.swift */,
			);
			path = Resources;
			sourceTree = "<group>";
		};
		137014682C0C49D1000509F2 /* Core */ = {
			isa = PBXGroup;
			children = (
				1370144A2C0736F0000509F2 /* RMTabBarController.swift */,
				137014692C0C49F3000509F2 /* RMCharacterViewController.swift */,
				1370146B2C0C4A05000509F2 /* RMLocationViewController.swift */,
				1370146D2C0C4A0F000509F2 /* RMEpisodeViewController.swift */,
				1370146F2C0C4A20000509F2 /* RMSettingsViewController.swift */,
			);
			path = Core;
			sourceTree = "<group>";
		};
/* End PBXGroup section */

/* Begin PBXNativeTarget section */
		137014422C0736F0000509F2 /* RickAndMorty */ = {
			isa = PBXNativeTarget;
			buildConfigurationList = 137014572C0736F1000509F2 /* Build configuration list for PBXNativeTarget "RickAndMorty" */;
			buildPhases = (
				1370143F2C0736F0000509F2 /* Sources */,
				137014402C0736F0000509F2 /* Frameworks */,
				137014412C0736F0000509F2 /* Resources */,
			);
			buildRules = (
			);
			dependencies = (
			);
			name = RickAndMorty;
			productName = RickAndMorty;
			productReference = 137014432C0736F0000509F2 /* RickAndMorty.app */;
			productType = "com.apple.product-type.application";
		};
/* End PBXNativeTarget section */

/* Begin PBXProject section */
		1370143B2C0736F0000509F2 /* Project object */ = {
			isa = PBXProject;
			attributes = {
				BuildIndependentTargetsInParallel = 1;
				LastSwiftUpdateCheck = 1400;
				LastUpgradeCheck = 1400;
				TargetAttributes = {
					137014422C0736F0000509F2 = {
						CreatedOnToolsVersion = 14.0.1;
					};
				};
			};
			buildConfigurationList = 1370143E2C0736F0000509F2 /* Build configuration list for PBXProject "RickAndMorty" */;
			compatibilityVersion = "Xcode 14.0";
			developmentRegion = en;
			hasScannedForEncodings = 0;
			knownRegions = (
				en,
				Base,
			);
			mainGroup = 1370143A2C0736F0000509F2;
			productRefGroup = 137014442C0736F0000509F2 /* Products */;
			projectDirPath = "";
			projectRoot = "";
			targets = (
				137014422C0736F0000509F2 /* RickAndMorty */,
			);
		};
/* End PBXProject section */

/* Begin PBXResourcesBuildPhase section */
		137014412C0736F0000509F2 /* Resources */ = {
			isa = PBXResourcesBuildPhase;
			buildActionMask = 2147483647;
			files = (
				137014532C0736F1000509F2 /* LaunchScreen.storyboard in Resources */,
				137014502C0736F1000509F2 /* Assets.xcassets in Resources */,
			);
			runOnlyForDeploymentPostprocessing = 0;
		};
/* End PBXResourcesBuildPhase section */

/* Begin PBXSourcesBuildPhase section */
		1370143F2C0736F0000509F2 /* Sources */ = {
			isa = PBXSourcesBuildPhase;
			buildActionMask = 2147483647;
			files = (
				137014782C0C8A23000509F2 /* RMOrigin.swift in Sources */,
				1370147A2C0C8AE3000509F2 /* RMSingleLocation.swift in Sources */,
				1370147C2C0C8C3E000509F2 /* RMCharacterStatus.swift in Sources */,
				1370147E2C0C8C6E000509F2 /* RMCharacterGender.swift in Sources */,
				1370146C2C0C4A05000509F2 /* RMLocationViewController.swift in Sources */,
				137014672C0C4956000509F2 /* RMEpisode.swift in Sources */,
				1370144B2C0736F0000509F2 /* RMTabBarController.swift in Sources */,
				1370146E2C0C4A0F000509F2 /* RMEpisodeViewController.swift in Sources */,
				137014472C0736F0000509F2 /* AppDelegate.swift in Sources */,
				137014492C0736F0000509F2 /* SceneDelegate.swift in Sources */,
				137014702C0C4A20000509F2 /* RMSettingsViewController.swift in Sources */,
				137014722C0C6D4F000509F2 /* RMService.swift in Sources */,
				137014622C0C4930000509F2 /* RMLocation.swift in Sources */,
				137014762C0C6DF9000509F2 /* RMEndpoint.swift in Sources */,
				137014652C0C494C000509F2 /* RMCharacter.swift in Sources */,
				137014742C0C6D60000509F2 /* RMRequest.swift in Sources */,
				1370146A2C0C49F3000509F2 /* RMCharacterViewController.swift in Sources */,
			);
			runOnlyForDeploymentPostprocessing = 0;
		};
/* End PBXSourcesBuildPhase section */

/* Begin PBXVariantGroup section */
		137014512C0736F1000509F2 /* LaunchScreen.storyboard */ = {
			isa = PBXVariantGroup;
			children = (
				137014522C0736F1000509F2 /* Base */,
			);
			name = LaunchScreen.storyboard;
			sourceTree = "<group>";
		};
/* End PBXVariantGroup section */

/* Begin XCBuildConfiguration section */
		137014552C0736F1000509F2 /* Debug */ = {
			isa = XCBuildConfiguration;
			buildSettings = {
				ALWAYS_SEARCH_USER_PATHS = NO;
				CLANG_ANALYZER_NONNULL = YES;
				CLANG_ANALYZER_NUMBER_OBJECT_CONVERSION = YES_AGGRESSIVE;
				CLANG_CXX_LANGUAGE_STANDARD = "gnu++20";
				CLANG_ENABLE_MODULES = YES;
				CLANG_ENABLE_OBJC_ARC = YES;
				CLANG_ENABLE_OBJC_WEAK = YES;
				CLANG_WARN_BLOCK_CAPTURE_AUTORELEASING = YES;
				CLANG_WARN_BOOL_CONVERSION = YES;
				CLANG_WARN_COMMA = YES;
				CLANG_WARN_CONSTANT_CONVERSION = YES;
				CLANG_WARN_DEPRECATED_OBJC_IMPLEMENTATIONS = YES;
				CLANG_WARN_DIRECT_OBJC_ISA_USAGE = YES_ERROR;
				CLANG_WARN_DOCUMENTATION_COMMENTS = YES;
				CLANG_WARN_EMPTY_BODY = YES;
				CLANG_WARN_ENUM_CONVERSION = YES;
				CLANG_WARN_INFINITE_RECURSION = YES;
				CLANG_WARN_INT_CONVERSION = YES;
				CLANG_WARN_NON_LITERAL_NULL_CONVERSION = YES;
				CLANG_WARN_OBJC_IMPLICIT_RETAIN_SELF = YES;
				CLANG_WARN_OBJC_LITERAL_CONVERSION = YES;
				CLANG_WARN_OBJC_ROOT_CLASS = YES_ERROR;
				CLANG_WARN_QUOTED_INCLUDE_IN_FRAMEWORK_HEADER = YES;
				CLANG_WARN_RANGE_LOOP_ANALYSIS = YES;
				CLANG_WARN_STRICT_PROTOTYPES = YES;
				CLANG_WARN_SUSPICIOUS_MOVE = YES;
				CLANG_WARN_UNGUARDED_AVAILABILITY = YES_AGGRESSIVE;
				CLANG_WARN_UNREACHABLE_CODE = YES;
				CLANG_WARN__DUPLICATE_METHOD_MATCH = YES;
				COPY_PHASE_STRIP = NO;
				DEBUG_INFORMATION_FORMAT = dwarf;
				ENABLE_STRICT_OBJC_MSGSEND = YES;
				ENABLE_TESTABILITY = YES;
				GCC_C_LANGUAGE_STANDARD = gnu11;
				GCC_DYNAMIC_NO_PIC = NO;
				GCC_NO_COMMON_BLOCKS = YES;
				GCC_OPTIMIZATION_LEVEL = 0;
				GCC_PREPROCESSOR_DEFINITIONS = (
					"DEBUG=1",
					"$(inherited)",
				);
				GCC_WARN_64_TO_32_BIT_CONVERSION = YES;
				GCC_WARN_ABOUT_RETURN_TYPE = YES_ERROR;
				GCC_WARN_UNDECLARED_SELECTOR = YES;
				GCC_WARN_UNINITIALIZED_AUTOS = YES_AGGRESSIVE;
				GCC_WARN_UNUSED_FUNCTION = YES;
				GCC_WARN_UNUSED_VARIABLE = YES;
				IPHONEOS_DEPLOYMENT_TARGET = 16.0;
				MTL_ENABLE_DEBUG_INFO = INCLUDE_SOURCE;
				MTL_FAST_MATH = YES;
				ONLY_ACTIVE_ARCH = YES;
				SDKROOT = iphoneos;
				SWIFT_ACTIVE_COMPILATION_CONDITIONS = DEBUG;
				SWIFT_OPTIMIZATION_LEVEL = "-Onone";
			};
			name = Debug;
		};
		137014562C0736F1000509F2 /* Release */ = {
			isa = XCBuildConfiguration;
			buildSettings = {
				ALWAYS_SEARCH_USER_PATHS = NO;
				CLANG_ANALYZER_NONNULL = YES;
				CLANG_ANALYZER_NUMBER_OBJECT_CONVERSION = YES_AGGRESSIVE;
				CLANG_CXX_LANGUAGE_STANDARD = "gnu++20";
				CLANG_ENABLE_MODULES = YES;
				CLANG_ENABLE_OBJC_ARC = YES;
				CLANG_ENABLE_OBJC_WEAK = YES;
				CLANG_WARN_BLOCK_CAPTURE_AUTORELEASING = YES;
				CLANG_WARN_BOOL_CONVERSION = YES;
				CLANG_WARN_COMMA = YES;
				CLANG_WARN_CONSTANT_CONVERSION = YES;
				CLANG_WARN_DEPRECATED_OBJC_IMPLEMENTATIONS = YES;
				CLANG_WARN_DIRECT_OBJC_ISA_USAGE = YES_ERROR;
				CLANG_WARN_DOCUMENTATION_COMMENTS = YES;
				CLANG_WARN_EMPTY_BODY = YES;
				CLANG_WARN_ENUM_CONVERSION = YES;
				CLANG_WARN_INFINITE_RECURSION = YES;
				CLANG_WARN_INT_CONVERSION = YES;
				CLANG_WARN_NON_LITERAL_NULL_CONVERSION = YES;
				CLANG_WARN_OBJC_IMPLICIT_RETAIN_SELF = YES;
				CLANG_WARN_OBJC_LITERAL_CONVERSION = YES;
				CLANG_WARN_OBJC_ROOT_CLASS = YES_ERROR;
				CLANG_WARN_QUOTED_INCLUDE_IN_FRAMEWORK_HEADER = YES;
				CLANG_WARN_RANGE_LOOP_ANALYSIS = YES;
				CLANG_WARN_STRICT_PROTOTYPES = YES;
				CLANG_WARN_SUSPICIOUS_MOVE = YES;
				CLANG_WARN_UNGUARDED_AVAILABILITY = YES_AGGRESSIVE;
				CLANG_WARN_UNREACHABLE_CODE = YES;
				CLANG_WARN__DUPLICATE_METHOD_MATCH = YES;
				COPY_PHASE_STRIP = NO;
				DEBUG_INFORMATION_FORMAT = "dwarf-with-dsym";
				ENABLE_NS_ASSERTIONS = NO;
				ENABLE_STRICT_OBJC_MSGSEND = YES;
				GCC_C_LANGUAGE_STANDARD = gnu11;
				GCC_NO_COMMON_BLOCKS = YES;
				GCC_WARN_64_TO_32_BIT_CONVERSION = YES;
				GCC_WARN_ABOUT_RETURN_TYPE = YES_ERROR;
				GCC_WARN_UNDECLARED_SELECTOR = YES;
				GCC_WARN_UNINITIALIZED_AUTOS = YES_AGGRESSIVE;
				GCC_WARN_UNUSED_FUNCTION = YES;
				GCC_WARN_UNUSED_VARIABLE = YES;
				IPHONEOS_DEPLOYMENT_TARGET = 16.0;
				MTL_ENABLE_DEBUG_INFO = NO;
				MTL_FAST_MATH = YES;
				SDKROOT = iphoneos;
				SWIFT_COMPILATION_MODE = wholemodule;
				SWIFT_OPTIMIZATION_LEVEL = "-O";
				VALIDATE_PRODUCT = YES;
			};
			name = Release;
		};
		137014582C0736F1000509F2 /* Debug */ = {
			isa = XCBuildConfiguration;
			buildSettings = {
				ASSETCATALOG_COMPILER_APPICON_NAME = AppIcon;
				ASSETCATALOG_COMPILER_GLOBAL_ACCENT_COLOR_NAME = AccentColor;
				CODE_SIGN_STYLE = Automatic;
				CURRENT_PROJECT_VERSION = 1;
				DEVELOPMENT_TEAM = B59JHR63KH;
				GENERATE_INFOPLIST_FILE = YES;
				INFOPLIST_FILE = RickAndMorty/Info.plist;
				INFOPLIST_KEY_UIApplicationSupportsIndirectInputEvents = YES;
				INFOPLIST_KEY_UILaunchStoryboardName = LaunchScreen;
				INFOPLIST_KEY_UISupportedInterfaceOrientations_iPad = "UIInterfaceOrientationPortrait UIInterfaceOrientationPortraitUpsideDown UIInterfaceOrientationLandscapeLeft UIInterfaceOrientationLandscapeRight";
				INFOPLIST_KEY_UISupportedInterfaceOrientations_iPhone = "UIInterfaceOrientationPortrait UIInterfaceOrientationLandscapeLeft UIInterfaceOrientationLandscapeRight";
				LD_RUNPATH_SEARCH_PATHS = (
					"$(inherited)",
					"@executable_path/Frameworks",
				);
				MARKETING_VERSION = 1.0;
				PRODUCT_BUNDLE_IDENTIFIER = ns.RickAndMorty;
				PRODUCT_NAME = "$(TARGET_NAME)";
				SWIFT_EMIT_LOC_STRINGS = YES;
				SWIFT_VERSION = 5.0;
				TARGETED_DEVICE_FAMILY = "1,2";
			};
			name = Debug;
		};
		137014592C0736F1000509F2 /* Release */ = {
			isa = XCBuildConfiguration;
			buildSettings = {
				ASSETCATALOG_COMPILER_APPICON_NAME = AppIcon;
				ASSETCATALOG_COMPILER_GLOBAL_ACCENT_COLOR_NAME = AccentColor;
				CODE_SIGN_STYLE = Automatic;
				CURRENT_PROJECT_VERSION = 1;
				DEVELOPMENT_TEAM = B59JHR63KH;
				GENERATE_INFOPLIST_FILE = YES;
				INFOPLIST_FILE = RickAndMorty/Info.plist;
				INFOPLIST_KEY_UIApplicationSupportsIndirectInputEvents = YES;
				INFOPLIST_KEY_UILaunchStoryboardName = LaunchScreen;
				INFOPLIST_KEY_UISupportedInterfaceOrientations_iPad = "UIInterfaceOrientationPortrait UIInterfaceOrientationPortraitUpsideDown UIInterfaceOrientationLandscapeLeft UIInterfaceOrientationLandscapeRight";
				INFOPLIST_KEY_UISupportedInterfaceOrientations_iPhone = "UIInterfaceOrientationPortrait UIInterfaceOrientationLandscapeLeft UIInterfaceOrientationLandscapeRight";
				LD_RUNPATH_SEARCH_PATHS = (
					"$(inherited)",
					"@executable_path/Frameworks",
				);
				MARKETING_VERSION = 1.0;
				PRODUCT_BUNDLE_IDENTIFIER = ns.RickAndMorty;
				PRODUCT_NAME = "$(TARGET_NAME)";
				SWIFT_EMIT_LOC_STRINGS = YES;
				SWIFT_VERSION = 5.0;
				TARGETED_DEVICE_FAMILY = "1,2";
			};
			name = Release;
		};
/* End XCBuildConfiguration section */

/* Begin XCConfigurationList section */
		1370143E2C0736F0000509F2 /* Build configuration list for PBXProject "RickAndMorty" */ = {
			isa = XCConfigurationList;
			buildConfigurations = (
				137014552C0736F1000509F2 /* Debug */,
				137014562C0736F1000509F2 /* Release */,
			);
			defaultConfigurationIsVisible = 0;
			defaultConfigurationName = Release;
		};
		137014572C0736F1000509F2 /* Build configuration list for PBXNativeTarget "RickAndMorty" */ = {
			isa = XCConfigurationList;
			buildConfigurations = (
				137014582C0736F1000509F2 /* Debug */,
				137014592C0736F1000509F2 /* Release */,
			);
			defaultConfigurationIsVisible = 0;
			defaultConfigurationName = Release;
		};
/* End XCConfigurationList section */
	};
	rootObject = 1370143B2C0736F0000509F2 /* Project object */;
}
